
Microsoft Visual Studio Solution File, Format Version 12.00
# Visual Studio 15
VisualStudioVersion = 15.0.27130.2010
MinimumVisualStudioVersion = 10.0.40219.1
Project("{FAE04EC0-301F-11D3-BF4B-00C04F79EFBC}") = "TaskManager.Shared", "TaskManager.Shared\TaskManager.Shared.csproj", "{283D6C53-6C0F-4A0C-AA6C-D0C5F5C6AE78}"
EndProject
Project("{FAE04EC0-301F-11D3-BF4B-00C04F79EFBC}") = "TaskManager.Domain", "TaskManager.Domain\TaskManager.Domain.csproj", "{521CC60E-C32A-4B68-9602-6E1B00209277}"
EndProject
Project("{FAE04EC0-301F-11D3-BF4B-00C04F79EFBC}") = "TaskManager.Infra", "TaskManager.Infra\TaskManager.Infra.csproj", "{D507743D-457E-4942-8FC6-A4F6564B4A69}"
EndProject
Project("{FAE04EC0-301F-11D3-BF4B-00C04F79EFBC}") = "TaskManager.Web", "TaskManager.Web\TaskManager.Web.csproj", "{202CF42B-D239-40FF-9FE2-6F186361DA3A}"
EndProject
Global
	GlobalSection(SolutionConfigurationPlatforms) = preSolution
		Debug|Any CPU = Debug|Any CPU
		Release|Any CPU = Release|Any CPU
	EndGlobalSection
	GlobalSection(ProjectConfigurationPlatforms) = postSolution
		{283D6C53-6C0F-4A0C-AA6C-D0C5F5C6AE78}.Debug|Any CPU.ActiveCfg = Debug|Any CPU
		{283D6C53-6C0F-4A0C-AA6C-D0C5F5C6AE78}.Debug|Any CPU.Build.0 = Debug|Any CPU
		{283D6C53-6C0F-4A0C-AA6C-D0C5F5C6AE78}.Release|Any CPU.ActiveCfg = Release|Any CPU
		{283D6C53-6C0F-4A0C-AA6C-D0C5F5C6AE78}.Release|Any CPU.Build.0 = Release|Any CPU
		{521CC60E-C32A-4B68-9602-6E1B00209277}.Debug|Any CPU.ActiveCfg = Debug|Any CPU
		{521CC60E-C32A-4B68-9602-6E1B00209277}.Debug|Any CPU.Build.0 = Debug|Any CPU
		{521CC60E-C32A-4B68-9602-6E1B00209277}.Release|Any CPU.ActiveCfg = Release|Any CPU
		{521CC60E-C32A-4B68-9602-6E1B00209277}.Release|Any CPU.Build.0 = Release|Any CPU
		{D507743D-457E-4942-8FC6-A4F6564B4A69}.Debug|Any CPU.ActiveCfg = Debug|Any CPU
		{D507743D-457E-4942-8FC6-A4F6564B4A69}.Debug|Any CPU.Build.0 = Debug|Any CPU
		{D507743D-457E-4942-8FC6-A4F6564B4A69}.Release|Any CPU.ActiveCfg = Release|Any CPU
		{D507743D-457E-4942-8FC6-A4F6564B4A69}.Release|Any CPU.Build.0 = Release|Any CPU
		{202CF42B-D239-40FF-9FE2-6F186361DA3A}.Debug|Any CPU.ActiveCfg = Debug|Any CPU
		{202CF42B-D239-40FF-9FE2-6F186361DA3A}.Debug|Any CPU.Build.0 = Debug|Any CPU
		{202CF42B-D239-40FF-9FE2-6F186361DA3A}.Release|Any CPU.ActiveCfg = Release|Any CPU
		{202CF42B-D239-40FF-9FE2-6F186361DA3A}.Release|Any CPU.Build.0 = Release|Any CPU
	EndGlobalSection
	GlobalSection(SolutionProperties) = preSolution
		HideSolutionNode = FALSE
	EndGlobalSection
	GlobalSection(ExtensibilityGlobals) = postSolution
		SolutionGuid = {35EEE640-0C83-4E8E-BC05-4B1B199912E1}
	EndGlobalSection
EndGlobal
